// !$*UTF8*$!
{
	archiveVersion = 1;
	classes = {
	};
	objectVersion = 46;
	objects = {

/* Begin PBXBuildFile section */
		42BE90471B7967C700A1DF33 /* AwesomeFloatingToolbar.m in Sources */ = {isa = PBXBuildFile; fileRef = 42BE90461B7967C700A1DF33 /* AwesomeFloatingToolbar.m */; };
		42C30DA91B7696FA00119C1F /* main.m in Sources */ = {isa = PBXBuildFile; fileRef = 42C30DA81B7696FA00119C1F /* main.m */; };
		42C30DAC1B7696FA00119C1F /* AppDelegate.m in Sources */ = {isa = PBXBuildFile; fileRef = 42C30DAB1B7696FA00119C1F /* AppDelegate.m */; };
		42C30DAF1B7696FA00119C1F /* ViewController.m in Sources */ = {isa = PBXBuildFile; fileRef = 42C30DAE1B7696FA00119C1F /* ViewController.m */; };
		42C30DB41B7696FA00119C1F /* Images.xcassets in Resources */ = {isa = PBXBuildFile; fileRef = 42C30DB31B7696FA00119C1F /* Images.xcassets */; };
		42C30DB71B7696FA00119C1F /* LaunchScreen.xib in Resources */ = {isa = PBXBuildFile; fileRef = 42C30DB51B7696FA00119C1F /* LaunchScreen.xib */; };
		42C30DC31B7696FA00119C1F /* BlocBrowserTests.m in Sources */ = {isa = PBXBuildFile; fileRef = 42C30DC21B7696FA00119C1F /* BlocBrowserTests.m */; };
/* End PBXBuildFile section */

/* Begin PBXContainerItemProxy section */
		42C30DBD1B7696FA00119C1F /* PBXContainerItemProxy */ = {
			isa = PBXContainerItemProxy;
			containerPortal = 42C30D9B1B7696FA00119C1F /* Project object */;
			proxyType = 1;
			remoteGlobalIDString = 42C30DA21B7696FA00119C1F;
			remoteInfo = BlocBrowser;
		};
/* End PBXContainerItemProxy section */

/* Begin PBXFileReference section */
		42BE90451B7967C700A1DF33 /* AwesomeFloatingToolbar.h */ = {isa = PBXFileReference; fileEncoding = 4; lastKnownFileType = sourcecode.c.h; path = AwesomeFloatingToolbar.h; sourceTree = "<group>"; };
		42BE90461B7967C700A1DF33 /* AwesomeFloatingToolbar.m */ = {isa = PBXFileReference; fileEncoding = 4; lastKnownFileType = sourcecode.c.objc; path = AwesomeFloatingToolbar.m; sourceTree = "<group>"; };
		42C30DA31B7696FA00119C1F /* BlocBrowser.app */ = {isa = PBXFileReference; explicitFileType = wrapper.application; includeInIndex = 0; path = BlocBrowser.app; sourceTree = BUILT_PRODUCTS_DIR; };
		42C30DA71B7696FA00119C1F /* Info.plist */ = {isa = PBXFileReference; lastKnownFileType = text.plist.xml; path = Info.plist; sourceTree = "<group>"; };
		42C30DA81B7696FA00119C1F /* main.m */ = {isa = PBXFileReference; lastKnownFileType = sourcecode.c.objc; path = main.m; sourceTree = "<group>"; };
		42C30DAA1B7696FA00119C1F /* AppDelegate.h */ = {isa = PBXFileReference; lastKnownFileType = sourcecode.c.h; path = AppDelegate.h; sourceTree = "<group>"; };
		42C30DAB1B7696FA00119C1F /* AppDelegate.m */ = {isa = PBXFileReference; lastKnownFileType = sourcecode.c.objc; path = AppDelegate.m; sourceTree = "<group>"; };
		42C30DAD1B7696FA00119C1F /* ViewController.h */ = {isa = PBXFileReference; lastKnownFileType = sourcecode.c.h; path = ViewController.h; sourceTree = "<group>"; };
		42C30DAE1B7696FA00119C1F /* ViewController.m */ = {isa = PBXFileReference; lastKnownFileType = sourcecode.c.objc; path = ViewController.m; sourceTree = "<group>"; };
		42C30DB31B7696FA00119C1F /* Images.xcassets */ = {isa = PBXFileReference; lastKnownFileType = folder.assetcatalog; path = Images.xcassets; sourceTree = "<group>"; };
		42C30DB61B7696FA00119C1F /* Base */ = {isa = PBXFileReference; lastKnownFileType = file.xib; name = Base; path = Base.lproj/LaunchScreen.xib; sourceTree = "<group>"; };
		42C30DBC1B7696FA00119C1F /* BlocBrowserTests.xctest */ = {isa = PBXFileReference; explicitFileType = wrapper.cfbundle; includeInIndex = 0; path = BlocBrowserTests.xctest; sourceTree = BUILT_PRODUCTS_DIR; };
		42C30DC11B7696FA00119C1F /* Info.plist */ = {isa = PBXFileReference; lastKnownFileType = text.plist.xml; path = Info.plist; sourceTree = "<group>"; };
		42C30DC21B7696FA00119C1F /* BlocBrowserTests.m */ = {isa = PBXFileReference; lastKnownFileType = sourcecode.c.objc; path = BlocBrowserTests.m; sourceTree = "<group>"; };
/* End PBXFileReference section */

/* Begin PBXFrameworksBuildPhase section */
		42C30DA01B7696FA00119C1F /* Frameworks */ = {
			isa = PBXFrameworksBuildPhase;
			buildActionMask = 2147483647;
			files = (
			);
			runOnlyForDeploymentPostprocessing = 0;
		};
		42C30DB91B7696FA00119C1F /* Frameworks */ = {
			isa = PBXFrameworksBuildPhase;
			buildActionMask = 2147483647;
			files = (
			);
			runOnlyForDeploymentPostprocessing = 0;
		};
/* End PBXFrameworksBuildPhase section */

/* Begin PBXGroup section */
		42C30D9A1B7696FA00119C1F = {
			isa = PBXGroup;
			children = (
				42C30DA51B7696FA00119C1F /* BlocBrowser */,
				42C30DBF1B7696FA00119C1F /* BlocBrowserTests */,
				42C30DA41B7696FA00119C1F /* Products */,
			);
			sourceTree = "<group>";
		};
		42C30DA41B7696FA00119C1F /* Products */ = {
			isa = PBXGroup;
			children = (
				42C30DA31B7696FA00119C1F /* BlocBrowser.app */,
				42C30DBC1B7696FA00119C1F /* BlocBrowserTests.xctest */,
			);
			name = Products;
			sourceTree = "<group>";
		};
		42C30DA51B7696FA00119C1F /* BlocBrowser */ = {
			isa = PBXGroup;
			children = (
				42C30DAA1B7696FA00119C1F /* AppDelegate.h */,
				42C30DAB1B7696FA00119C1F /* AppDelegate.m */,
				42C30DAD1B7696FA00119C1F /* ViewController.h */,
				42C30DAE1B7696FA00119C1F /* ViewController.m */,
				42BE90451B7967C700A1DF33 /* AwesomeFloatingToolbar.h */,
				42BE90461B7967C700A1DF33 /* AwesomeFloatingToolbar.m */,
				42C30DB31B7696FA00119C1F /* Images.xcassets */,
				42C30DB51B7696FA00119C1F /* LaunchScreen.xib */,
				42C30DA61B7696FA00119C1F /* Supporting Files */,
			);
			path = BlocBrowser;
			sourceTree = "<group>";
		};
		42C30DA61B7696FA00119C1F /* Supporting Files */ = {
			isa = PBXGroup;
			children = (
				42C30DA71B7696FA00119C1F /* Info.plist */,
				42C30DA81B7696FA00119C1F /* main.m */,
			);
			name = "Supporting Files";
			sourceTree = "<group>";
		};
		42C30DBF1B7696FA00119C1F /* BlocBrowserTests */ = {
			isa = PBXGroup;
			children = (
				42C30DC21B7696FA00119C1F /* BlocBrowserTests.m */,
				42C30DC01B7696FA00119C1F /* Supporting Files */,
			);
			path = BlocBrowserTests;
			sourceTree = "<group>";
		};
		42C30DC01B7696FA00119C1F /* Supporting Files */ = {
			isa = PBXGroup;
			children = (
				42C30DC11B7696FA00119C1F /* Info.plist */,
			);
			name = "Supporting Files";
			sourceTree = "<group>";
		};
/* End PBXGroup section */

/* Begin PBXNativeTarget section */
		42C30DA21B7696FA00119C1F /* BlocBrowser */ = {
			isa = PBXNativeTarget;
			buildConfigurationList = 42C30DC61B7696FA00119C1F /* Build configuration list for PBXNativeTarget "BlocBrowser" */;
			buildPhases = (
				42C30D9F1B7696FA00119C1F /* Sources */,
				42C30DA01B7696FA00119C1F /* Frameworks */,
				42C30DA11B7696FA00119C1F /* Resources */,
			);
			buildRules = (
			);
			dependencies = (
			);
			name = BlocBrowser;
			productName = BlocBrowser;
			productReference = 42C30DA31B7696FA00119C1F /* BlocBrowser.app */;
			productType = "com.apple.product-type.application";
		};
		42C30DBB1B7696FA00119C1F /* BlocBrowserTests */ = {
			isa = PBXNativeTarget;
			buildConfigurationList = 42C30DC91B7696FA00119C1F /* Build configuration list for PBXNativeTarget "BlocBrowserTests" */;
			buildPhases = (
				42C30DB81B7696FA00119C1F /* Sources */,
				42C30DB91B7696FA00119C1F /* Frameworks */,
				42C30DBA1B7696FA00119C1F /* Resources */,
			);
			buildRules = (
			);
			dependencies = (
				42C30DBE1B7696FA00119C1F /* PBXTargetDependency */,
			);
			name = BlocBrowserTests;
			productName = BlocBrowserTests;
			productReference = 42C30DBC1B7696FA00119C1F /* BlocBrowserTests.xctest */;
			productType = "com.apple.product-type.bundle.unit-test";
		};
/* End PBXNativeTarget section */

/* Begin PBXProject section */
		42C30D9B1B7696FA00119C1F /* Project object */ = {
			isa = PBXProject;
			attributes = {
				LastUpgradeCheck = 0640;
				ORGANIZATIONNAME = "Joshua Novak";
				TargetAttributes = {
					42C30DA21B7696FA00119C1F = {
						CreatedOnToolsVersion = 6.4;
					};
					42C30DBB1B7696FA00119C1F = {
						CreatedOnToolsVersion = 6.4;
						TestTargetID = 42C30DA21B7696FA00119C1F;
					};
				};
			};
			buildConfigurationList = 42C30D9E1B7696FA00119C1F /* Build configuration list for PBXProject "BlocBrowser" */;
			compatibilityVersion = "Xcode 3.2";
			developmentRegion = English;
			hasScannedForEncodings = 0;
			knownRegions = (
				en,
				Base,
			);
			mainGroup = 42C30D9A1B7696FA00119C1F;
			productRefGroup = 42C30DA41B7696FA00119C1F /* Products */;
			projectDirPath = "";
			projectRoot = "";
			targets = (
				42C30DA21B7696FA00119C1F /* BlocBrowser */,
				42C30DBB1B7696FA00119C1F /* BlocBrowserTests */,
			);
		};
/* End PBXProject section */

/* Begin PBXResourcesBuildPhase section */
		42C30DA11B7696FA00119C1F /* Resources */ = {
			isa = PBXResourcesBuildPhase;
			buildActionMask = 2147483647;
			files = (
				42C30DB71B7696FA00119C1F /* LaunchScreen.xib in Resources */,
				42C30DB41B7696FA00119C1F /* Images.xcassets in Resources */,
			);
			runOnlyForDeploymentPostprocessing = 0;
		};
		42C30DBA1B7696FA00119C1F /* Resources */ = {
			isa = PBXResourcesBuildPhase;
			buildActionMask = 2147483647;
			files = (
			);
			runOnlyForDeploymentPostprocessing = 0;
		};
/* End PBXResourcesBuildPhase section */

/* Begin PBXSourcesBuildPhase section */
		42C30D9F1B7696FA00119C1F /* Sources */ = {
			isa = PBXSourcesBuildPhase;
			buildActionMask = 2147483647;
			files = (
				42C30DAF1B7696FA00119C1F /* ViewController.m in Sources */,
				42C30DAC1B7696FA00119C1F /* AppDelegate.m in Sources */,
				42C30DA91B7696FA00119C1F /* main.m in Sources */,
				42BE90471B7967C700A1DF33 /* AwesomeFloatingToolbar.m in Sources */,
			);
			runOnlyForDeploymentPostprocessing = 0;
		};
		42C30DB81B7696FA00119C1F /* Sources */ = {
			isa = PBXSourcesBuildPhase;
			buildActionMask = 2147483647;
			files = (
				42C30DC31B7696FA00119C1F /* BlocBrowserTests.m in Sources */,
			);
			runOnlyForDeploymentPostprocessing = 0;
		};
/* End PBXSourcesBuildPhase section */

/* Begin PBXTargetDependency section */
		42C30DBE1B7696FA00119C1F /* PBXTargetDependency */ = {
			isa = PBXTargetDependency;
			target = 42C30DA21B7696FA00119C1F /* BlocBrowser */;
			targetProxy = 42C30DBD1B7696FA00119C1F /* PBXContainerItemProxy */;
		};
/* End PBXTargetDependency section */

/* Begin PBXVariantGroup section */
		42C30DB51B7696FA00119C1F /* LaunchScreen.xib */ = {
			isa = PBXVariantGroup;
			children = (
				42C30DB61B7696FA00119C1F /* Base */,
			);
			name = LaunchScreen.xib;
			sourceTree = "<group>";
		};
/* End PBXVariantGroup section */

/* Begin XCBuildConfiguration section */
		42C30DC41B7696FA00119C1F /* Debug */ = {
			isa = XCBuildConfiguration;
			buildSettings = {
				ALWAYS_SEARCH_USER_PATHS = NO;
				CLANG_CXX_LANGUAGE_STANDARD = "gnu++0x";
				CLANG_CXX_LIBRARY = "libc++";
				CLANG_ENABLE_MODULES = YES;
				CLANG_ENABLE_OBJC_ARC = YES;
				CLANG_WARN_BOOL_CONVERSION = YES;
				CLANG_WARN_CONSTANT_CONVERSION = YES;
				CLANG_WARN_DIRECT_OBJC_ISA_USAGE = YES_ERROR;
				CLANG_WARN_EMPTY_BODY = YES;
				CLANG_WARN_ENUM_CONVERSION = YES;
				CLANG_WARN_INT_CONVERSION = YES;
				CLANG_WARN_OBJC_ROOT_CLASS = YES_ERROR;
				CLANG_WARN_UNREACHABLE_CODE = YES;
				CLANG_WARN__DUPLICATE_METHOD_MATCH = YES;
				"CODE_SIGN_IDENTITY[sdk=iphoneos*]" = "iPhone Developer";
				COPY_PHASE_STRIP = NO;
				DEBUG_INFORMATION_FORMAT = "dwarf-with-dsym";
				ENABLE_STRICT_OBJC_MSGSEND = YES;
				GCC_C_LANGUAGE_STANDARD = gnu99;
				GCC_DYNAMIC_NO_PIC = NO;
				GCC_NO_COMMON_BLOCKS = YES;
				GCC_OPTIMIZATION_LEVEL = 0;
				GCC_PREPROCESSOR_DEFINITIONS = (
					"DEBUG=1",
					"$(inherited)",
				);
				GCC_SYMBOLS_PRIVATE_EXTERN = NO;
				GCC_WARN_64_TO_32_BIT_CONVERSION = YES;
				GCC_WARN_ABOUT_RETURN_TYPE = YES_ERROR;
				GCC_WARN_UNDECLARED_SELECTOR = YES;
				GCC_WARN_UNINITIALIZED_AUTOS = YES_AGGRESSIVE;
				GCC_WARN_UNUSED_FUNCTION = YES;
				GCC_WARN_UNUSED_VARIABLE = YES;
				IPHONEOS_DEPLOYMENT_TARGET = 8.4;
				MTL_ENABLE_DEBUG_INFO = YES;
				ONLY_ACTIVE_ARCH = YES;
				SDKROOT = iphoneos;
				TARGETED_DEVICE_FAMILY = "1,2";
			};
			name = Debug;
		};
		42C30DC51B7696FA00119C1F /* Release */ = {
			isa = XCBuildConfiguration;
			buildSettings = {
				ALWAYS_SEARCH_USER_PATHS = NO;
				CLANG_CXX_LANGUAGE_STANDARD = "gnu++0x";
				CLANG_CXX_LIBRARY = "libc++";
				CLANG_ENABLE_MODULES = YES;
				CLANG_ENABLE_OBJC_ARC = YES;
				CLANG_WARN_BOOL_CONVERSION = YES;
				CLANG_WARN_CONSTANT_CONVERSION = YES;
				CLANG_WARN_DIRECT_OBJC_ISA_USAGE = YES_ERROR;
				CLANG_WARN_EMPTY_BODY = YES;
				CLANG_WARN_ENUM_CONVERSION = YES;
				CLANG_WARN_INT_CONVERSION = YES;
				CLANG_WARN_OBJC_ROOT_CLASS = YES_ERROR;
				CLANG_WARN_UNREACHABLE_CODE = YES;
				CLANG_WARN__DUPLICATE_METHOD_MATCH = YES;
				"CODE_SIGN_IDENTITY[sdk=iphoneos*]" = "iPhone Developer";
				COPY_PHASE_STRIP = NO;
				DEBUG_INFORMATION_FORMAT = "dwarf-with-dsym";
				ENABLE_NS_ASSERTIONS = NO;
				ENABLE_STRICT_OBJC_MSGSEND = YES;
				GCC_C_LANGUAGE_STANDARD = gnu99;
				GCC_NO_COMMON_BLOCKS = YES;
				GCC_WARN_64_TO_32_BIT_CONVERSION = YES;
				GCC_WARN_ABOUT_RETURN_TYPE = YES_ERROR;
				GCC_WARN_UNDECLARED_SELECTOR = YES;
				GCC_WARN_UNINITIALIZED_AUTOS = YES_AGGRESSIVE;
				GCC_WARN_UNUSED_FUNCTION = YES;
				GCC_WARN_UNUSED_VARIABLE = YES;
				IPHONEOS_DEPLOYMENT_TARGET = 8.4;
				MTL_ENABLE_DEBUG_INFO = NO;
				SDKROOT = iphoneos;
				TARGETED_DEVICE_FAMILY = "1,2";
				VALIDATE_PRODUCT = YES;
			};
			name = Release;
		};
		42C30DC71B7696FA00119C1F /* Debug */ = {
			isa = XCBuildConfiguration;
			buildSettings = {
				ASSETCATALOG_COMPILER_APPICON_NAME = AppIcon;
				INFOPLIST_FILE = BlocBrowser/Info.plist;
				LD_RUNPATH_SEARCH_PATHS = "$(inherited) @executable_path/Frameworks";
				PRODUCT_NAME = "$(TARGET_NAME)";
			};
			name = Debug;
		};
		42C30DC81B7696FA00119C1F /* Release */ = {
			isa = XCBuildConfiguration;
			buildSettings = {
				ASSETCATALOG_COMPILER_APPICON_NAME = AppIcon;
				INFOPLIST_FILE = BlocBrowser/Info.plist;
				LD_RUNPATH_SEARCH_PATHS = "$(inherited) @executable_path/Frameworks";
				PRODUCT_NAME = "$(TARGET_NAME)";
			};
			name = Release;
		};
		42C30DCA1B7696FA00119C1F /* Debug */ = {
			isa = XCBuildConfiguration;
			buildSettings = {
				BUNDLE_LOADER = "$(TEST_HOST)";
				FRAMEWORK_SEARCH_PATHS = (
					"$(SDKROOT)/Developer/Library/Frameworks",
					"$(inherited)",
				);
				GCC_PREPROCESSOR_DEFINITIONS = (
					"DEBUG=1",
					"$(inherited)",
				);
				INFOPLIST_FILE = BlocBrowserTests/Info.plist;
				LD_RUNPATH_SEARCH_PATHS = "$(inherited) @executable_path/Frameworks @loader_path/Frameworks";
				PRODUCT_NAME = "$(TARGET_NAME)";
				TEST_HOST = "$(BUILT_PRODUCTS_DIR)/BlocBrowser.app/BlocBrowser";
			};
			name = Debug;
		};
		42C30DCB1B7696FA00119C1F /* Release */ = {
			isa = XCBuildConfiguration;
			buildSettings = {
				BUNDLE_LOADER = "$(TEST_HOST)";
				FRAMEWORK_SEARCH_PATHS = (
					"$(SDKROOT)/Developer/Library/Frameworks",
					"$(inherited)",
				);
				INFOPLIST_FILE = BlocBrowserTests/Info.plist;
				LD_RUNPATH_SEARCH_PATHS = "$(inherited) @executable_path/Frameworks @loader_path/Frameworks";
				PRODUCT_NAME = "$(TARGET_NAME)";
				TEST_HOST = "$(BUILT_PRODUCTS_DIR)/BlocBrowser.app/BlocBrowser";
			};
			name = Release;
		};
/* End XCBuildConfiguration section */

/* Begin XCConfigurationList section */
		42C30D9E1B7696FA00119C1F /* Build configuration list for PBXProject "BlocBrowser" */ = {
			isa = XCConfigurationList;
			buildConfigurations = (
				42C30DC41B7696FA00119C1F /* Debug */,
				42C30DC51B7696FA00119C1F /* Release */,
			);
			defaultConfigurationIsVisible = 0;
			defaultConfigurationName = Release;
		};
		42C30DC61B7696FA00119C1F /* Build configuration list for PBXNativeTarget "BlocBrowser" */ = {
			isa = XCConfigurationList;
			buildConfigurations = (
				42C30DC71B7696FA00119C1F /* Debug */,
				42C30DC81B7696FA00119C1F /* Release */,
			);
			defaultConfigurationIsVisible = 0;
			defaultConfigurationName = Release;
		};
		42C30DC91B7696FA00119C1F /* Build configuration list for PBXNativeTarget "BlocBrowserTests" */ = {
			isa = XCConfigurationList;
			buildConfigurations = (
				42C30DCA1B7696FA00119C1F /* Debug */,
				42C30DCB1B7696FA00119C1F /* Release */,
			);
			defaultConfigurationIsVisible = 0;
			defaultConfigurationName = Release;
		};
/* End XCConfigurationList section */
	};
	rootObject = 42C30D9B1B7696FA00119C1F /* Project object */;
}
